dependencies:
- name: kong
  repository: https://charts.konghq.com
  version: 2.52.0
- name: postgresql
  repository: https://charts.bitnami.com/bitnami
  version: 18.1.8
- name: back-end
  repository: file://../back-end
  version: 0.1.0
digest: sha256:cf3aa5f3f6617475a36eafb1018e042c928bc1b768f664a57c149c865c29afd5
generated: "2025-11-16T21:51:54.8909831+05:30"
